
Microsoft Visual Studio Solution File, Format Version 12.00
# Visual Studio Version 16
VisualStudioVersion = 16.0.29411.108
MinimumVisualStudioVersion = 10.0.40219.1
Project("{9A19103F-16F7-4668-BE54-9A1E7A4F7556}") = "BNR", "BNR\BNR.csproj", "{DDB2100B-C774-47EE-8C7E-3325C44FC456}"
EndProject
Project("{9A19103F-16F7-4668-BE54-9A1E7A4F7556}") = "Credit", "BCR\Credit.csproj", "{D503E5A5-3A73-4084-894C-A1F61D7A8928}"
EndProject
Project("{9A19103F-16F7-4668-BE54-9A1E7A4F7556}") = "UI", "UI\UI.csproj", "{28468565-62AF-4AA0-9051-F6AFA077271C}"
EndProject
Global
	GlobalSection(SolutionConfigurationPlatforms) = preSolution
		Debug|Any CPU = Debug|Any CPU
		Release|Any CPU = Release|Any CPU
	EndGlobalSection
	GlobalSection(ProjectConfigurationPlatforms) = postSolution
		{DDB2100B-C774-47EE-8C7E-3325C44FC456}.Debug|Any CPU.ActiveCfg = Debug|Any CPU
		{DDB2100B-C774-47EE-8C7E-3325C44FC456}.Debug|Any CPU.Build.0 = Debug|Any CPU
		{DDB2100B-C774-47EE-8C7E-3325C44FC456}.Release|Any CPU.ActiveCfg = Release|Any CPU
		{DDB2100B-C774-47EE-8C7E-3325C44FC456}.Release|Any CPU.Build.0 = Release|Any CPU
		{D503E5A5-3A73-4084-894C-A1F61D7A8928}.Debug|Any CPU.ActiveCfg = Debug|Any CPU
		{D503E5A5-3A73-4084-894C-A1F61D7A8928}.Debug|Any CPU.Build.0 = Debug|Any CPU
		{D503E5A5-3A73-4084-894C-A1F61D7A8928}.Release|Any CPU.ActiveCfg = Release|Any CPU
		{D503E5A5-3A73-4084-894C-A1F61D7A8928}.Release|Any CPU.Build.0 = Release|Any CPU
		{28468565-62AF-4AA0-9051-F6AFA077271C}.Debug|Any CPU.ActiveCfg = Debug|Any CPU
		{28468565-62AF-4AA0-9051-F6AFA077271C}.Debug|Any CPU.Build.0 = Debug|Any CPU
		{28468565-62AF-4AA0-9051-F6AFA077271C}.Release|Any CPU.ActiveCfg = Release|Any CPU
		{28468565-62AF-4AA0-9051-F6AFA077271C}.Release|Any CPU.Build.0 = Release|Any CPU
	EndGlobalSection
	GlobalSection(SolutionProperties) = preSolution
		HideSolutionNode = FALSE
	EndGlobalSection
	GlobalSection(ExtensibilityGlobals) = postSolution
		SolutionGuid = {897648FF-3079-4933-86BC-E29DEEED78AE}
	EndGlobalSection
EndGlobal
